// !$*UTF8*$!
{
	archiveVersion = 1;
	classes = {
	};
	objectVersion = 56;
	objects = {

/* Begin PBXBuildFile section */
		1B41E35D2BE4C48700810053 /* LandmarksApp.swift in Sources */ = {isa = PBXBuildFile; fileRef = 1B41E35C2BE4C48700810053 /* LandmarksApp.swift */; };
		1B41E3612BE4C48B00810053 /* Assets.xcassets in Resources */ = {isa = PBXBuildFile; fileRef = 1B41E3602BE4C48B00810053 /* Assets.xcassets */; };
		1B41E3642BE4C48B00810053 /* Preview Assets.xcassets in Resources */ = {isa = PBXBuildFile; fileRef = 1B41E3632BE4C48B00810053 /* Preview Assets.xcassets */; };
		1B80DE302BE4CA1D001D0A5B /* CircleImage.swift in Sources */ = {isa = PBXBuildFile; fileRef = 1B80DE2F2BE4CA1D001D0A5B /* CircleImage.swift */; };
		1B80DE322BE4CADD001D0A5B /* MapView.swift in Sources */ = {isa = PBXBuildFile; fileRef = 1B80DE312BE4CADD001D0A5B /* MapView.swift */; };
		1B80DE342BE4CD85001D0A5B /* landmarkData.json in Resources */ = {isa = PBXBuildFile; fileRef = 1B80DE332BE4CD85001D0A5B /* landmarkData.json */; };
		1B80DE362BE4CD99001D0A5B /* Landmark.swift in Sources */ = {isa = PBXBuildFile; fileRef = 1B80DE352BE4CD99001D0A5B /* Landmark.swift */; };
		1B80DE382BE4CFB5001D0A5B /* ModelData.swift in Sources */ = {isa = PBXBuildFile; fileRef = 1B80DE372BE4CFB5001D0A5B /* ModelData.swift */; };
		1B80DE3D2BE4D17F001D0A5B /* LandmarkRow.swift in Sources */ = {isa = PBXBuildFile; fileRef = 1B80DE3C2BE4D17F001D0A5B /* LandmarkRow.swift */; };
		1B80DE3F2BE4D30E001D0A5B /* LandmarkList.swift in Sources */ = {isa = PBXBuildFile; fileRef = 1B80DE3E2BE4D30E001D0A5B /* LandmarkList.swift */; };
		1B80DE412BE4D40E001D0A5B /* LandmarkDetail.swift in Sources */ = {isa = PBXBuildFile; fileRef = 1B80DE402BE4D40E001D0A5B /* LandmarkDetail.swift */; };
		1B80DE432BE4DEEF001D0A5B /* FavoriteButton.swift in Sources */ = {isa = PBXBuildFile; fileRef = 1B80DE422BE4DEEF001D0A5B /* FavoriteButton.swift */; };
		1B80DE452BE534CD001D0A5B /* HexagonParameters.swift in Sources */ = {isa = PBXBuildFile; fileRef = 1B80DE442BE534CD001D0A5B /* HexagonParameters.swift */; };
		1B80DE472BE5358B001D0A5B /* BadgeBackground.swift in Sources */ = {isa = PBXBuildFile; fileRef = 1B80DE462BE5358B001D0A5B /* BadgeBackground.swift */; };
		1B80DE492BE5385F001D0A5B /* BadgeSymbol.swift in Sources */ = {isa = PBXBuildFile; fileRef = 1B80DE482BE5385F001D0A5B /* BadgeSymbol.swift */; };
		1B80DE4B2BE5389F001D0A5B /* RotatedBadgeSymbol.swift in Sources */ = {isa = PBXBuildFile; fileRef = 1B80DE4A2BE5389F001D0A5B /* RotatedBadgeSymbol.swift */; };
		1B80DE4D2BE53922001D0A5B /* Badge.swift in Sources */ = {isa = PBXBuildFile; fileRef = 1B80DE4C2BE53922001D0A5B /* Badge.swift */; };
		1B80DE502BE53F42001D0A5B /* hikeData.json in Resources */ = {isa = PBXBuildFile; fileRef = 1B80DE4F2BE53F42001D0A5B /* hikeData.json */; };
		1B80DE522BE53FB8001D0A5B /* Hike.swift in Sources */ = {isa = PBXBuildFile; fileRef = 1B80DE512BE53FB8001D0A5B /* Hike.swift */; };
		1B80DE582BE54118001D0A5B /* GraphCapsule.swift in Sources */ = {isa = PBXBuildFile; fileRef = 1B80DE542BE54118001D0A5B /* GraphCapsule.swift */; };
		1B80DE592BE54118001D0A5B /* HikeGraph.swift in Sources */ = {isa = PBXBuildFile; fileRef = 1B80DE552BE54118001D0A5B /* HikeGraph.swift */; };
		1B80DE5A2BE54118001D0A5B /* HikeDetail.swift in Sources */ = {isa = PBXBuildFile; fileRef = 1B80DE562BE54118001D0A5B /* HikeDetail.swift */; };
		1B80DE5B2BE54118001D0A5B /* HikeView.swift in Sources */ = {isa = PBXBuildFile; fileRef = 1B80DE572BE54118001D0A5B /* HikeView.swift */; };
		1B80DE5F2BE5E6D4001D0A5B /* CategoryHome.swift in Sources */ = {isa = PBXBuildFile; fileRef = 1B80DE5E2BE5E6D4001D0A5B /* CategoryHome.swift */; };
		1B80DE612BE5EB52001D0A5B /* CategoryRow.swift in Sources */ = {isa = PBXBuildFile; fileRef = 1B80DE602BE5EB52001D0A5B /* CategoryRow.swift */; };
		1B80DE632BE5ECF7001D0A5B /* CategoryItem.swift in Sources */ = {isa = PBXBuildFile; fileRef = 1B80DE622BE5ECF7001D0A5B /* CategoryItem.swift */; };
		1B80DE672BE5F230001D0A5B /* ContentView.swift in Sources */ = {isa = PBXBuildFile; fileRef = 1B80DE662BE5F230001D0A5B /* ContentView.swift */; };
		1B80DE692BE5F821001D0A5B /* Profile.swift in Sources */ = {isa = PBXBuildFile; fileRef = 1B80DE682BE5F821001D0A5B /* Profile.swift */; };
		1B80DE6C2BE5F916001D0A5B /* ProfileHost.swift in Sources */ = {isa = PBXBuildFile; fileRef = 1B80DE6B2BE5F916001D0A5B /* ProfileHost.swift */; };
		1B80DE6E2BE5F96B001D0A5B /* ProfileSummary.swift in Sources */ = {isa = PBXBuildFile; fileRef = 1B80DE6D2BE5F96B001D0A5B /* ProfileSummary.swift */; };
		1B80DE702BE5FB14001D0A5B /* HikeBadge.swift in Sources */ = {isa = PBXBuildFile; fileRef = 1B80DE6F2BE5FB14001D0A5B /* HikeBadge.swift */; };
/* End PBXBuildFile section */

/* Begin PBXFileReference section */
		1B41E3592BE4C48700810053 /* Landmarks.app */ = {isa = PBXFileReference; explicitFileType = wrapper.application; includeInIndex = 0; path = Landmarks.app; sourceTree = BUILT_PRODUCTS_DIR; };
		1B41E35C2BE4C48700810053 /* LandmarksApp.swift */ = {isa = PBXFileReference; lastKnownFileType = sourcecode.swift; path = LandmarksApp.swift; sourceTree = "<group>"; };
		1B41E3602BE4C48B00810053 /* Assets.xcassets */ = {isa = PBXFileReference; lastKnownFileType = folder.assetcatalog; path = Assets.xcassets; sourceTree = "<group>"; };
		1B41E3632BE4C48B00810053 /* Preview Assets.xcassets */ = {isa = PBXFileReference; lastKnownFileType = folder.assetcatalog; path = "Preview Assets.xcassets"; sourceTree = "<group>"; };
		1B80DE2F2BE4CA1D001D0A5B /* CircleImage.swift */ = {isa = PBXFileReference; lastKnownFileType = sourcecode.swift; path = CircleImage.swift; sourceTree = "<group>"; };
		1B80DE312BE4CADD001D0A5B /* MapView.swift */ = {isa = PBXFileReference; lastKnownFileType = sourcecode.swift; path = MapView.swift; sourceTree = "<group>"; };
		1B80DE332BE4CD85001D0A5B /* landmarkData.json */ = {isa = PBXFileReference; fileEncoding = 4; lastKnownFileType = text.json; path = landmarkData.json; sourceTree = "<group>"; };
		1B80DE352BE4CD99001D0A5B /* Landmark.swift */ = {isa = PBXFileReference; lastKnownFileType = sourcecode.swift; path = Landmark.swift; sourceTree = "<group>"; };
		1B80DE372BE4CFB5001D0A5B /* ModelData.swift */ = {isa = PBXFileReference; lastKnownFileType = sourcecode.swift; path = ModelData.swift; sourceTree = "<group>"; };
		1B80DE3C2BE4D17F001D0A5B /* LandmarkRow.swift */ = {isa = PBXFileReference; lastKnownFileType = sourcecode.swift; name = LandmarkRow.swift; path = Landmarks/Views/Landmarks/LandmarkRow.swift; sourceTree = SOURCE_ROOT; };
		1B80DE3E2BE4D30E001D0A5B /* LandmarkList.swift */ = {isa = PBXFileReference; lastKnownFileType = sourcecode.swift; path = LandmarkList.swift; sourceTree = "<group>"; };
		1B80DE402BE4D40E001D0A5B /* LandmarkDetail.swift */ = {isa = PBXFileReference; fileEncoding = 4; lastKnownFileType = sourcecode.swift; path = LandmarkDetail.swift; sourceTree = "<group>"; };
		1B80DE422BE4DEEF001D0A5B /* FavoriteButton.swift */ = {isa = PBXFileReference; lastKnownFileType = sourcecode.swift; path = FavoriteButton.swift; sourceTree = "<group>"; };
		1B80DE442BE534CD001D0A5B /* HexagonParameters.swift */ = {isa = PBXFileReference; lastKnownFileType = sourcecode.swift; path = HexagonParameters.swift; sourceTree = "<group>"; };
		1B80DE462BE5358B001D0A5B /* BadgeBackground.swift */ = {isa = PBXFileReference; lastKnownFileType = sourcecode.swift; path = BadgeBackground.swift; sourceTree = "<group>"; };
		1B80DE482BE5385F001D0A5B /* BadgeSymbol.swift */ = {isa = PBXFileReference; lastKnownFileType = sourcecode.swift; path = BadgeSymbol.swift; sourceTree = "<group>"; };
		1B80DE4A2BE5389F001D0A5B /* RotatedBadgeSymbol.swift */ = {isa = PBXFileReference; lastKnownFileType = sourcecode.swift; path = RotatedBadgeSymbol.swift; sourceTree = "<group>"; };
		1B80DE4C2BE53922001D0A5B /* Badge.swift */ = {isa = PBXFileReference; lastKnownFileType = sourcecode.swift; path = Badge.swift; sourceTree = "<group>"; };
		1B80DE4F2BE53F42001D0A5B /* hikeData.json */ = {isa = PBXFileReference; fileEncoding = 4; lastKnownFileType = text.json; path = hikeData.json; sourceTree = "<group>"; };
		1B80DE512BE53FB8001D0A5B /* Hike.swift */ = {isa = PBXFileReference; lastKnownFileType = sourcecode.swift; path = Hike.swift; sourceTree = "<group>"; };
		1B80DE542BE54118001D0A5B /* GraphCapsule.swift */ = {isa = PBXFileReference; fileEncoding = 4; lastKnownFileType = sourcecode.swift; path = GraphCapsule.swift; sourceTree = "<group>"; };
		1B80DE552BE54118001D0A5B /* HikeGraph.swift */ = {isa = PBXFileReference; fileEncoding = 4; lastKnownFileType = sourcecode.swift; path = HikeGraph.swift; sourceTree = "<group>"; };
		1B80DE562BE54118001D0A5B /* HikeDetail.swift */ = {isa = PBXFileReference; fileEncoding = 4; lastKnownFileType = sourcecode.swift; path = HikeDetail.swift; sourceTree = "<group>"; };
		1B80DE572BE54118001D0A5B /* HikeView.swift */ = {isa = PBXFileReference; fileEncoding = 4; lastKnownFileType = sourcecode.swift; path = HikeView.swift; sourceTree = "<group>"; };
		1B80DE5E2BE5E6D4001D0A5B /* CategoryHome.swift */ = {isa = PBXFileReference; lastKnownFileType = sourcecode.swift; path = CategoryHome.swift; sourceTree = "<group>"; };
		1B80DE602BE5EB52001D0A5B /* CategoryRow.swift */ = {isa = PBXFileReference; lastKnownFileType = sourcecode.swift; path = CategoryRow.swift; sourceTree = "<group>"; };
		1B80DE622BE5ECF7001D0A5B /* CategoryItem.swift */ = {isa = PBXFileReference; lastKnownFileType = sourcecode.swift; path = CategoryItem.swift; sourceTree = "<group>"; };
		1B80DE662BE5F230001D0A5B /* ContentView.swift */ = {isa = PBXFileReference; lastKnownFileType = sourcecode.swift; path = ContentView.swift; sourceTree = "<group>"; };
		1B80DE682BE5F821001D0A5B /* Profile.swift */ = {isa = PBXFileReference; lastKnownFileType = sourcecode.swift; path = Profile.swift; sourceTree = "<group>"; };
		1B80DE6B2BE5F916001D0A5B /* ProfileHost.swift */ = {isa = PBXFileReference; lastKnownFileType = sourcecode.swift; path = ProfileHost.swift; sourceTree = "<group>"; };
		1B80DE6D2BE5F96B001D0A5B /* ProfileSummary.swift */ = {isa = PBXFileReference; lastKnownFileType = sourcecode.swift; path = ProfileSummary.swift; sourceTree = "<group>"; };
		1B80DE6F2BE5FB14001D0A5B /* HikeBadge.swift */ = {isa = PBXFileReference; lastKnownFileType = sourcecode.swift; path = HikeBadge.swift; sourceTree = "<group>"; };
/* End PBXFileReference section */

/* Begin PBXFrameworksBuildPhase section */
		1B41E3562BE4C48600810053 /* Frameworks */ = {
			isa = PBXFrameworksBuildPhase;
			buildActionMask = 2147483647;
			files = (
			);
			runOnlyForDeploymentPostprocessing = 0;
		};
/* End PBXFrameworksBuildPhase section */

/* Begin PBXGroup section */
		1B41E3502BE4C48600810053 = {
			isa = PBXGroup;
			children = (
				1B41E35B2BE4C48700810053 /* Landmarks */,
				1B41E35A2BE4C48700810053 /* Products */,
			);
			sourceTree = "<group>";
		};
		1B41E35A2BE4C48700810053 /* Products */ = {
			isa = PBXGroup;
			children = (
				1B41E3592BE4C48700810053 /* Landmarks.app */,
			);
			name = Products;
			sourceTree = "<group>";
		};
		1B41E35B2BE4C48700810053 /* Landmarks */ = {
			isa = PBXGroup;
			children = (
				1B80DE3B2BE4D13A001D0A5B /* Resource */,
				1B80DE3A2BE4D124001D0A5B /* Model */,
				1B80DE392BE4D10A001D0A5B /* Views */,
				1B41E35C2BE4C48700810053 /* LandmarksApp.swift */,
				1B41E3602BE4C48B00810053 /* Assets.xcassets */,
				1B41E3622BE4C48B00810053 /* Preview Content */,
			);
			path = Landmarks;
			sourceTree = "<group>";
		};
		1B41E3622BE4C48B00810053 /* Preview Content */ = {
			isa = PBXGroup;
			children = (
				1B41E3632BE4C48B00810053 /* Preview Assets.xcassets */,
			);
			path = "Preview Content";
			sourceTree = "<group>";
		};
		1B80DE392BE4D10A001D0A5B /* Views */ = {
			isa = PBXGroup;
			children = (
				1B80DE6A2BE5F90B001D0A5B /* Profiles */,
				1B80DE652BE5F1DA001D0A5B /* Helpers */,
				1B80DE642BE5F1C4001D0A5B /* Landmarks */,
				1B80DE5D2BE5E6B1001D0A5B /* Categories */,
				1B80DE532BE54118001D0A5B /* Hikes */,
				1B80DE4E2BE53BB4001D0A5B /* Badge */,
				1B80DE662BE5F230001D0A5B /* ContentView.swift */,
			);
			path = Views;
			sourceTree = "<group>";
		};
		1B80DE3A2BE4D124001D0A5B /* Model */ = {
			isa = PBXGroup;
			children = (
				1B80DE352BE4CD99001D0A5B /* Landmark.swift */,
				1B80DE372BE4CFB5001D0A5B /* ModelData.swift */,
				1B80DE512BE53FB8001D0A5B /* Hike.swift */,
				1B80DE682BE5F821001D0A5B /* Profile.swift */,
			);
			path = Model;
			sourceTree = "<group>";
		};
		1B80DE3B2BE4D13A001D0A5B /* Resource */ = {
			isa = PBXGroup;
			children = (
				1B80DE4F2BE53F42001D0A5B /* hikeData.json */,
				1B80DE332BE4CD85001D0A5B /* landmarkData.json */,
			);
			path = Resource;
			sourceTree = "<group>";
		};
		1B80DE4E2BE53BB4001D0A5B /* Badge */ = {
			isa = PBXGroup;
			children = (
				1B80DE442BE534CD001D0A5B /* HexagonParameters.swift */,
				1B80DE482BE5385F001D0A5B /* BadgeSymbol.swift */,
				1B80DE4A2BE5389F001D0A5B /* RotatedBadgeSymbol.swift */,
				1B80DE4C2BE53922001D0A5B /* Badge.swift */,
				1B80DE462BE5358B001D0A5B /* BadgeBackground.swift */,
			);
			path = Badge;
			sourceTree = "<group>";
		};
		1B80DE532BE54118001D0A5B /* Hikes */ = {
			isa = PBXGroup;
			children = (
				1B80DE542BE54118001D0A5B /* GraphCapsule.swift */,
				1B80DE552BE54118001D0A5B /* HikeGraph.swift */,
				1B80DE562BE54118001D0A5B /* HikeDetail.swift */,
				1B80DE572BE54118001D0A5B /* HikeView.swift */,
				1B80DE6F2BE5FB14001D0A5B /* HikeBadge.swift */,
			);
			path = Hikes;
			sourceTree = "<group>";
		};
		1B80DE5D2BE5E6B1001D0A5B /* Categories */ = {
			isa = PBXGroup;
			children = (
				1B80DE5E2BE5E6D4001D0A5B /* CategoryHome.swift */,
				1B80DE602BE5EB52001D0A5B /* CategoryRow.swift */,
				1B80DE622BE5ECF7001D0A5B /* CategoryItem.swift */,
			);
			path = Categories;
			sourceTree = "<group>";
		};
		1B80DE642BE5F1C4001D0A5B /* Landmarks */ = {
			isa = PBXGroup;
			children = (
				1B80DE3C2BE4D17F001D0A5B /* LandmarkRow.swift */,
				1B80DE3E2BE4D30E001D0A5B /* LandmarkList.swift */,
				1B80DE402BE4D40E001D0A5B /* LandmarkDetail.swift */,
			);
			path = Landmarks;
			sourceTree = "<group>";
		};
		1B80DE652BE5F1DA001D0A5B /* Helpers */ = {
			isa = PBXGroup;
			children = (
				1B80DE312BE4CADD001D0A5B /* MapView.swift */,
				1B80DE2F2BE4CA1D001D0A5B /* CircleImage.swift */,
				1B80DE422BE4DEEF001D0A5B /* FavoriteButton.swift */,
			);
			path = Helpers;
			sourceTree = "<group>";
		};
		1B80DE6A2BE5F90B001D0A5B /* Profiles */ = {
			isa = PBXGroup;
			children = (
				1B80DE6B2BE5F916001D0A5B /* ProfileHost.swift */,
				1B80DE6D2BE5F96B001D0A5B /* ProfileSummary.swift */,
			);
			path = Profiles;
			sourceTree = "<group>";
		};
/* End PBXGroup section */

/* Begin PBXNativeTarget section */
		1B41E3582BE4C48600810053 /* Landmarks */ = {
			isa = PBXNativeTarget;
			buildConfigurationList = 1B41E3672BE4C48B00810053 /* Build configuration list for PBXNativeTarget "Landmarks" */;
			buildPhases = (
				1B41E3552BE4C48600810053 /* Sources */,
				1B41E3562BE4C48600810053 /* Frameworks */,
				1B41E3572BE4C48600810053 /* Resources */,
			);
			buildRules = (
			);
			dependencies = (
			);
			name = Landmarks;
			productName = Landmarks;
			productReference = 1B41E3592BE4C48700810053 /* Landmarks.app */;
			productType = "com.apple.product-type.application";
		};
/* End PBXNativeTarget section */

/* Begin PBXProject section */
		1B41E3512BE4C48600810053 /* Project object */ = {
			isa = PBXProject;
			attributes = {
				BuildIndependentTargetsInParallel = 1;
				LastSwiftUpdateCheck = 1520;
				LastUpgradeCheck = 1520;
				TargetAttributes = {
					1B41E3582BE4C48600810053 = {
						CreatedOnToolsVersion = 15.2;
					};
				};
			};
			buildConfigurationList = 1B41E3542BE4C48600810053 /* Build configuration list for PBXProject "Landmarks" */;
			compatibilityVersion = "Xcode 14.0";
			developmentRegion = en;
			hasScannedForEncodings = 0;
			knownRegions = (
				en,
				Base,
			);
			mainGroup = 1B41E3502BE4C48600810053;
			productRefGroup = 1B41E35A2BE4C48700810053 /* Products */;
			projectDirPath = "";
			projectRoot = "";
			targets = (
				1B41E3582BE4C48600810053 /* Landmarks */,
			);
		};
/* End PBXProject section */

/* Begin PBXResourcesBuildPhase section */
		1B41E3572BE4C48600810053 /* Resources */ = {
			isa = PBXResourcesBuildPhase;
			buildActionMask = 2147483647;
			files = (
				1B80DE502BE53F42001D0A5B /* hikeData.json in Resources */,
				1B41E3642BE4C48B00810053 /* Preview Assets.xcassets in Resources */,
				1B41E3612BE4C48B00810053 /* Assets.xcassets in Resources */,
				1B80DE342BE4CD85001D0A5B /* landmarkData.json in Resources */,
			);
			runOnlyForDeploymentPostprocessing = 0;
		};
/* End PBXResourcesBuildPhase section */

/* Begin PBXSourcesBuildPhase section */
		1B41E3552BE4C48600810053 /* Sources */ = {
			isa = PBXSourcesBuildPhase;
			buildActionMask = 2147483647;
			files = (
				1B80DE522BE53FB8001D0A5B /* Hike.swift in Sources */,
				1B80DE692BE5F821001D0A5B /* Profile.swift in Sources */,
				1B80DE452BE534CD001D0A5B /* HexagonParameters.swift in Sources */,
				1B80DE322BE4CADD001D0A5B /* MapView.swift in Sources */,
				1B41E35D2BE4C48700810053 /* LandmarksApp.swift in Sources */,
				1B80DE612BE5EB52001D0A5B /* CategoryRow.swift in Sources */,
				1B80DE5F2BE5E6D4001D0A5B /* CategoryHome.swift in Sources */,
				1B80DE5B2BE54118001D0A5B /* HikeView.swift in Sources */,
				1B80DE3F2BE4D30E001D0A5B /* LandmarkList.swift in Sources */,
				1B80DE432BE4DEEF001D0A5B /* FavoriteButton.swift in Sources */,
				1B80DE492BE5385F001D0A5B /* BadgeSymbol.swift in Sources */,
				1B80DE412BE4D40E001D0A5B /* LandmarkDetail.swift in Sources */,
				1B80DE6E2BE5F96B001D0A5B /* ProfileSummary.swift in Sources */,
				1B80DE4D2BE53922001D0A5B /* Badge.swift in Sources */,
				1B80DE6C2BE5F916001D0A5B /* ProfileHost.swift in Sources */,
				1B80DE472BE5358B001D0A5B /* BadgeBackground.swift in Sources */,
				1B80DE302BE4CA1D001D0A5B /* CircleImage.swift in Sources */,
				1B80DE5A2BE54118001D0A5B /* HikeDetail.swift in Sources */,
				1B80DE362BE4CD99001D0A5B /* Landmark.swift in Sources */,
				1B80DE582BE54118001D0A5B /* GraphCapsule.swift in Sources */,
				1B80DE672BE5F230001D0A5B /* ContentView.swift in Sources */,
				1B80DE4B2BE5389F001D0A5B /* RotatedBadgeSymbol.swift in Sources */,
				1B80DE702BE5FB14001D0A5B /* HikeBadge.swift in Sources */,
				1B80DE3D2BE4D17F001D0A5B /* LandmarkRow.swift in Sources */,
				1B80DE382BE4CFB5001D0A5B /* ModelData.swift in Sources */,
				1B80DE632BE5ECF7001D0A5B /* CategoryItem.swift in Sources */,
				1B80DE592BE54118001D0A5B /* HikeGraph.swift in Sources */,
			);
			runOnlyForDeploymentPostprocessing = 0;
		};
/* End PBXSourcesBuildPhase section */

/* Begin XCBuildConfiguration section */
		1B41E3652BE4C48B00810053 /* Debug */ = {
			isa = XCBuildConfiguration;
			buildSettings = {
				ALWAYS_SEARCH_USER_PATHS = NO;
				ASSETCATALOG_COMPILER_GENERATE_SWIFT_ASSET_SYMBOL_EXTENSIONS = YES;
				CLANG_ANALYZER_NONNULL = YES;
				CLANG_ANALYZER_NUMBER_OBJECT_CONVERSION = YES_AGGRESSIVE;
				CLANG_CXX_LANGUAGE_STANDARD = "gnu++20";
				CLANG_ENABLE_MODULES = YES;
				CLANG_ENABLE_OBJC_ARC = YES;
				CLANG_ENABLE_OBJC_WEAK = YES;
				CLANG_WARN_BLOCK_CAPTURE_AUTORELEASING = YES;
				CLANG_WARN_BOOL_CONVERSION = YES;
				CLANG_WARN_COMMA = YES;
				CLANG_WARN_CONSTANT_CONVERSION = YES;
				CLANG_WARN_DEPRECATED_OBJC_IMPLEMENTATIONS = YES;
				CLANG_WARN_DIRECT_OBJC_ISA_USAGE = YES_ERROR;
				CLANG_WARN_DOCUMENTATION_COMMENTS = YES;
				CLANG_WARN_EMPTY_BODY = YES;
				CLANG_WARN_ENUM_CONVERSION = YES;
				CLANG_WARN_INFINITE_RECURSION = YES;
				CLANG_WARN_INT_CONVERSION = YES;
				CLANG_WARN_NON_LITERAL_NULL_CONVERSION = YES;
				CLANG_WARN_OBJC_IMPLICIT_RETAIN_SELF = YES;
				CLANG_WARN_OBJC_LITERAL_CONVERSION = YES;
				CLANG_WARN_OBJC_ROOT_CLASS = YES_ERROR;
				CLANG_WARN_QUOTED_INCLUDE_IN_FRAMEWORK_HEADER = YES;
				CLANG_WARN_RANGE_LOOP_ANALYSIS = YES;
				CLANG_WARN_STRICT_PROTOTYPES = YES;
				CLANG_WARN_SUSPICIOUS_MOVE = YES;
				CLANG_WARN_UNGUARDED_AVAILABILITY = YES_AGGRESSIVE;
				CLANG_WARN_UNREACHABLE_CODE = YES;
				CLANG_WARN__DUPLICATE_METHOD_MATCH = YES;
				COPY_PHASE_STRIP = NO;
				DEBUG_INFORMATION_FORMAT = dwarf;
				ENABLE_STRICT_OBJC_MSGSEND = YES;
				ENABLE_TESTABILITY = YES;
				ENABLE_USER_SCRIPT_SANDBOXING = YES;
				GCC_C_LANGUAGE_STANDARD = gnu17;
				GCC_DYNAMIC_NO_PIC = NO;
				GCC_NO_COMMON_BLOCKS = YES;
				GCC_OPTIMIZATION_LEVEL = 0;
				GCC_PREPROCESSOR_DEFINITIONS = (
					"DEBUG=1",
					"$(inherited)",
				);
				GCC_WARN_64_TO_32_BIT_CONVERSION = YES;
				GCC_WARN_ABOUT_RETURN_TYPE = YES_ERROR;
				GCC_WARN_UNDECLARED_SELECTOR = YES;
				GCC_WARN_UNINITIALIZED_AUTOS = YES_AGGRESSIVE;
				GCC_WARN_UNUSED_FUNCTION = YES;
				GCC_WARN_UNUSED_VARIABLE = YES;
				IPHONEOS_DEPLOYMENT_TARGET = 17.2;
				LOCALIZATION_PREFERS_STRING_CATALOGS = YES;
				MTL_ENABLE_DEBUG_INFO = INCLUDE_SOURCE;
				MTL_FAST_MATH = YES;
				ONLY_ACTIVE_ARCH = YES;
				SDKROOT = iphoneos;
				SWIFT_ACTIVE_COMPILATION_CONDITIONS = "DEBUG $(inherited)";
				SWIFT_OPTIMIZATION_LEVEL = "-Onone";
			};
			name = Debug;
		};
		1B41E3662BE4C48B00810053 /* Release */ = {
			isa = XCBuildConfiguration;
			buildSettings = {
				ALWAYS_SEARCH_USER_PATHS = NO;
				ASSETCATALOG_COMPILER_GENERATE_SWIFT_ASSET_SYMBOL_EXTENSIONS = YES;
				CLANG_ANALYZER_NONNULL = YES;
				CLANG_ANALYZER_NUMBER_OBJECT_CONVERSION = YES_AGGRESSIVE;
				CLANG_CXX_LANGUAGE_STANDARD = "gnu++20";
				CLANG_ENABLE_MODULES = YES;
				CLANG_ENABLE_OBJC_ARC = YES;
				CLANG_ENABLE_OBJC_WEAK = YES;
				CLANG_WARN_BLOCK_CAPTURE_AUTORELEASING = YES;
				CLANG_WARN_BOOL_CONVERSION = YES;
				CLANG_WARN_COMMA = YES;
				CLANG_WARN_CONSTANT_CONVERSION = YES;
				CLANG_WARN_DEPRECATED_OBJC_IMPLEMENTATIONS = YES;
				CLANG_WARN_DIRECT_OBJC_ISA_USAGE = YES_ERROR;
				CLANG_WARN_DOCUMENTATION_COMMENTS = YES;
				CLANG_WARN_EMPTY_BODY = YES;
				CLANG_WARN_ENUM_CONVERSION = YES;
				CLANG_WARN_INFINITE_RECURSION = YES;
				CLANG_WARN_INT_CONVERSION = YES;
				CLANG_WARN_NON_LITERAL_NULL_CONVERSION = YES;
				CLANG_WARN_OBJC_IMPLICIT_RETAIN_SELF = YES;
				CLANG_WARN_OBJC_LITERAL_CONVERSION = YES;
				CLANG_WARN_OBJC_ROOT_CLASS = YES_ERROR;
				CLANG_WARN_QUOTED_INCLUDE_IN_FRAMEWORK_HEADER = YES;
				CLANG_WARN_RANGE_LOOP_ANALYSIS = YES;
				CLANG_WARN_STRICT_PROTOTYPES = YES;
				CLANG_WARN_SUSPICIOUS_MOVE = YES;
				CLANG_WARN_UNGUARDED_AVAILABILITY = YES_AGGRESSIVE;
				CLANG_WARN_UNREACHABLE_CODE = YES;
				CLANG_WARN__DUPLICATE_METHOD_MATCH = YES;
				COPY_PHASE_STRIP = NO;
				DEBUG_INFORMATION_FORMAT = "dwarf-with-dsym";
				ENABLE_NS_ASSERTIONS = NO;
				ENABLE_STRICT_OBJC_MSGSEND = YES;
				ENABLE_USER_SCRIPT_SANDBOXING = YES;
				GCC_C_LANGUAGE_STANDARD = gnu17;
				GCC_NO_COMMON_BLOCKS = YES;
				GCC_WARN_64_TO_32_BIT_CONVERSION = YES;
				GCC_WARN_ABOUT_RETURN_TYPE = YES_ERROR;
				GCC_WARN_UNDECLARED_SELECTOR = YES;
				GCC_WARN_UNINITIALIZED_AUTOS = YES_AGGRESSIVE;
				GCC_WARN_UNUSED_FUNCTION = YES;
				GCC_WARN_UNUSED_VARIABLE = YES;
				IPHONEOS_DEPLOYMENT_TARGET = 17.2;
				LOCALIZATION_PREFERS_STRING_CATALOGS = YES;
				MTL_ENABLE_DEBUG_INFO = NO;
				MTL_FAST_MATH = YES;
				SDKROOT = iphoneos;
				SWIFT_COMPILATION_MODE = wholemodule;
				VALIDATE_PRODUCT = YES;
			};
			name = Release;
		};
		1B41E3682BE4C48B00810053 /* Debug */ = {
			isa = XCBuildConfiguration;
			buildSettings = {
				ASSETCATALOG_COMPILER_APPICON_NAME = AppIcon;
				ASSETCATALOG_COMPILER_GLOBAL_ACCENT_COLOR_NAME = AccentColor;
				CODE_SIGN_STYLE = Automatic;
				CURRENT_PROJECT_VERSION = 1;
				DEVELOPMENT_ASSET_PATHS = "\"Landmarks/Preview Content\"";
				DEVELOPMENT_TEAM = Z8UQ68HQ3R;
				ENABLE_PREVIEWS = YES;
				GENERATE_INFOPLIST_FILE = YES;
				INFOPLIST_KEY_UIApplicationSceneManifest_Generation = YES;
				INFOPLIST_KEY_UIApplicationSupportsIndirectInputEvents = YES;
				INFOPLIST_KEY_UILaunchScreen_Generation = YES;
				INFOPLIST_KEY_UISupportedInterfaceOrientations_iPad = "UIInterfaceOrientationPortrait UIInterfaceOrientationPortraitUpsideDown UIInterfaceOrientationLandscapeLeft UIInterfaceOrientationLandscapeRight";
				INFOPLIST_KEY_UISupportedInterfaceOrientations_iPhone = "UIInterfaceOrientationPortrait UIInterfaceOrientationLandscapeLeft UIInterfaceOrientationLandscapeRight";
				LD_RUNPATH_SEARCH_PATHS = (
					"$(inherited)",
					"@executable_path/Frameworks",
				);
				MARKETING_VERSION = 1.0;
				PRODUCT_BUNDLE_IDENTIFIER = com.jeromesu.Landmarks;
				PRODUCT_NAME = "$(TARGET_NAME)";
				SWIFT_EMIT_LOC_STRINGS = YES;
				SWIFT_VERSION = 5.0;
				TARGETED_DEVICE_FAMILY = "1,2";
			};
			name = Debug;
		};
		1B41E3692BE4C48B00810053 /* Release */ = {
			isa = XCBuildConfiguration;
			buildSettings = {
				ASSETCATALOG_COMPILER_APPICON_NAME = AppIcon;
				ASSETCATALOG_COMPILER_GLOBAL_ACCENT_COLOR_NAME = AccentColor;
				CODE_SIGN_STYLE = Automatic;
				CURRENT_PROJECT_VERSION = 1;
				DEVELOPMENT_ASSET_PATHS = "\"Landmarks/Preview Content\"";
				DEVELOPMENT_TEAM = Z8UQ68HQ3R;
				ENABLE_PREVIEWS = YES;
				GENERATE_INFOPLIST_FILE = YES;
				INFOPLIST_KEY_UIApplicationSceneManifest_Generation = YES;
				INFOPLIST_KEY_UIApplicationSupportsIndirectInputEvents = YES;
				INFOPLIST_KEY_UILaunchScreen_Generation = YES;
				INFOPLIST_KEY_UISupportedInterfaceOrientations_iPad = "UIInterfaceOrientationPortrait UIInterfaceOrientationPortraitUpsideDown UIInterfaceOrientationLandscapeLeft UIInterfaceOrientationLandscapeRight";
				INFOPLIST_KEY_UISupportedInterfaceOrientations_iPhone = "UIInterfaceOrientationPortrait UIInterfaceOrientationLandscapeLeft UIInterfaceOrientationLandscapeRight";
				LD_RUNPATH_SEARCH_PATHS = (
					"$(inherited)",
					"@executable_path/Frameworks",
				);
				MARKETING_VERSION = 1.0;
				PRODUCT_BUNDLE_IDENTIFIER = com.jeromesu.Landmarks;
				PRODUCT_NAME = "$(TARGET_NAME)";
				SWIFT_EMIT_LOC_STRINGS = YES;
				SWIFT_VERSION = 5.0;
				TARGETED_DEVICE_FAMILY = "1,2";
			};
			name = Release;
		};
/* End XCBuildConfiguration section */

/* Begin XCConfigurationList section */
		1B41E3542BE4C48600810053 /* Build configuration list for PBXProject "Landmarks" */ = {
			isa = XCConfigurationList;
			buildConfigurations = (
				1B41E3652BE4C48B00810053 /* Debug */,
				1B41E3662BE4C48B00810053 /* Release */,
			);
			defaultConfigurationIsVisible = 0;
			defaultConfigurationName = Release;
		};
		1B41E3672BE4C48B00810053 /* Build configuration list for PBXNativeTarget "Landmarks" */ = {
			isa = XCConfigurationList;
			buildConfigurations = (
				1B41E3682BE4C48B00810053 /* Debug */,
				1B41E3692BE4C48B00810053 /* Release */,
			);
			defaultConfigurationIsVisible = 0;
			defaultConfigurationName = Release;
		};
/* End XCConfigurationList section */
	};
	rootObject = 1B41E3512BE4C48600810053 /* Project object */;
}
